
Microsoft Visual Studio Solution File, Format Version 12.00
# Visual Studio 15
VisualStudioVersion = 15.0.27703.2026
MinimumVisualStudioVersion = 10.0.40219.1
Project("{FAE04EC0-301F-11D3-BF4B-00C04F79EFBC}") = "01. Logger", "01. Logger\01. Logger.csproj", "{A4695C89-8516-4067-B8BB-FE069611EBB8}"
EndProject
Project("{FAE04EC0-301F-11D3-BF4B-00C04F79EFBC}") = "02. Command", "02. Command\02. Command.csproj", "{507F66DA-9C46-41D4-8C46-05DD5981A47E}"
EndProject
Project("{FAE04EC0-301F-11D3-BF4B-00C04F79EFBC}") = "03. Mediator", "03. Mediator\03. Mediator.csproj", "{CBF4043B-2ACC-4D9D-84B7-AA7983FCE996}"
EndProject
Global
	GlobalSection(SolutionConfigurationPlatforms) = preSolution
		Debug|Any CPU = Debug|Any CPU
		Release|Any CPU = Release|Any CPU
	EndGlobalSection
	GlobalSection(ProjectConfigurationPlatforms) = postSolution
		{A4695C89-8516-4067-B8BB-FE069611EBB8}.Debug|Any CPU.ActiveCfg = Debug|Any CPU
		{A4695C89-8516-4067-B8BB-FE069611EBB8}.Debug|Any CPU.Build.0 = Debug|Any CPU
		{A4695C89-8516-4067-B8BB-FE069611EBB8}.Release|Any CPU.ActiveCfg = Release|Any CPU
		{A4695C89-8516-4067-B8BB-FE069611EBB8}.Release|Any CPU.Build.0 = Release|Any CPU
		{507F66DA-9C46-41D4-8C46-05DD5981A47E}.Debug|Any CPU.ActiveCfg = Debug|Any CPU
		{507F66DA-9C46-41D4-8C46-05DD5981A47E}.Debug|Any CPU.Build.0 = Debug|Any CPU
		{507F66DA-9C46-41D4-8C46-05DD5981A47E}.Release|Any CPU.ActiveCfg = Release|Any CPU
		{507F66DA-9C46-41D4-8C46-05DD5981A47E}.Release|Any CPU.Build.0 = Release|Any CPU
		{CBF4043B-2ACC-4D9D-84B7-AA7983FCE996}.Debug|Any CPU.ActiveCfg = Debug|Any CPU
		{CBF4043B-2ACC-4D9D-84B7-AA7983FCE996}.Debug|Any CPU.Build.0 = Debug|Any CPU
		{CBF4043B-2ACC-4D9D-84B7-AA7983FCE996}.Release|Any CPU.ActiveCfg = Release|Any CPU
		{CBF4043B-2ACC-4D9D-84B7-AA7983FCE996}.Release|Any CPU.Build.0 = Release|Any CPU
	EndGlobalSection
	GlobalSection(SolutionProperties) = preSolution
		HideSolutionNode = FALSE
	EndGlobalSection
	GlobalSection(ExtensibilityGlobals) = postSolution
		SolutionGuid = {C8631659-42D6-4296-9332-6F88B0432C9B}
	EndGlobalSection
EndGlobal
