
Microsoft Visual Studio Solution File, Format Version 12.00
# Visual Studio 15
VisualStudioVersion = 15.0.27703.2026
MinimumVisualStudioVersion = 10.0.40219.1
Project("{FAE04EC0-301F-11D3-BF4B-00C04F79EFBC}") = "01. ListyIterator", "01. ListyIterator\01. ListyIterator.csproj", "{8ACFC158-C14D-47AA-B240-0EFAAD08AE4D}"
EndProject
Project("{FAE04EC0-301F-11D3-BF4B-00C04F79EFBC}") = "02. Collection", "02. Collection\02. Collection.csproj", "{68B4328D-4C44-46CE-883F-8B5AFECC7428}"
EndProject
Project("{FAE04EC0-301F-11D3-BF4B-00C04F79EFBC}") = "03. Stack", "03. Stack\03. Stack.csproj", "{198F07B6-9599-4C8D-8B76-A5BA811A4D74}"
EndProject
Project("{FAE04EC0-301F-11D3-BF4B-00C04F79EFBC}") = "04. Froggy", "04. Froggy\04. Froggy.csproj", "{0802FE96-3CC3-4B52-BA5E-66BF846A6333}"
EndProject
Project("{FAE04EC0-301F-11D3-BF4B-00C04F79EFBC}") = "05. Comparing Objects", "05. Comparing Objects\05. Comparing Objects.csproj", "{D880987D-80ED-4914-9279-010649D31B31}"
EndProject
Project("{FAE04EC0-301F-11D3-BF4B-00C04F79EFBC}") = "06. Strategy Pattern", "06. Strategy Pattern\06. Strategy Pattern.csproj", "{508A2448-85B8-405A-893F-7AD9948641A0}"
EndProject
Global
	GlobalSection(SolutionConfigurationPlatforms) = preSolution
		Debug|Any CPU = Debug|Any CPU
		Release|Any CPU = Release|Any CPU
	EndGlobalSection
	GlobalSection(ProjectConfigurationPlatforms) = postSolution
		{8ACFC158-C14D-47AA-B240-0EFAAD08AE4D}.Debug|Any CPU.ActiveCfg = Debug|Any CPU
		{8ACFC158-C14D-47AA-B240-0EFAAD08AE4D}.Debug|Any CPU.Build.0 = Debug|Any CPU
		{8ACFC158-C14D-47AA-B240-0EFAAD08AE4D}.Release|Any CPU.ActiveCfg = Release|Any CPU
		{8ACFC158-C14D-47AA-B240-0EFAAD08AE4D}.Release|Any CPU.Build.0 = Release|Any CPU
		{68B4328D-4C44-46CE-883F-8B5AFECC7428}.Debug|Any CPU.ActiveCfg = Debug|Any CPU
		{68B4328D-4C44-46CE-883F-8B5AFECC7428}.Debug|Any CPU.Build.0 = Debug|Any CPU
		{68B4328D-4C44-46CE-883F-8B5AFECC7428}.Release|Any CPU.ActiveCfg = Release|Any CPU
		{68B4328D-4C44-46CE-883F-8B5AFECC7428}.Release|Any CPU.Build.0 = Release|Any CPU
		{198F07B6-9599-4C8D-8B76-A5BA811A4D74}.Debug|Any CPU.ActiveCfg = Debug|Any CPU
		{198F07B6-9599-4C8D-8B76-A5BA811A4D74}.Debug|Any CPU.Build.0 = Debug|Any CPU
		{198F07B6-9599-4C8D-8B76-A5BA811A4D74}.Release|Any CPU.ActiveCfg = Release|Any CPU
		{198F07B6-9599-4C8D-8B76-A5BA811A4D74}.Release|Any CPU.Build.0 = Release|Any CPU
		{0802FE96-3CC3-4B52-BA5E-66BF846A6333}.Debug|Any CPU.ActiveCfg = Debug|Any CPU
		{0802FE96-3CC3-4B52-BA5E-66BF846A6333}.Debug|Any CPU.Build.0 = Debug|Any CPU
		{0802FE96-3CC3-4B52-BA5E-66BF846A6333}.Release|Any CPU.ActiveCfg = Release|Any CPU
		{0802FE96-3CC3-4B52-BA5E-66BF846A6333}.Release|Any CPU.Build.0 = Release|Any CPU
		{D880987D-80ED-4914-9279-010649D31B31}.Debug|Any CPU.ActiveCfg = Debug|Any CPU
		{D880987D-80ED-4914-9279-010649D31B31}.Debug|Any CPU.Build.0 = Debug|Any CPU
		{D880987D-80ED-4914-9279-010649D31B31}.Release|Any CPU.ActiveCfg = Release|Any CPU
		{D880987D-80ED-4914-9279-010649D31B31}.Release|Any CPU.Build.0 = Release|Any CPU
		{508A2448-85B8-405A-893F-7AD9948641A0}.Debug|Any CPU.ActiveCfg = Debug|Any CPU
		{508A2448-85B8-405A-893F-7AD9948641A0}.Debug|Any CPU.Build.0 = Debug|Any CPU
		{508A2448-85B8-405A-893F-7AD9948641A0}.Release|Any CPU.ActiveCfg = Release|Any CPU
		{508A2448-85B8-405A-893F-7AD9948641A0}.Release|Any CPU.Build.0 = Release|Any CPU
	EndGlobalSection
	GlobalSection(SolutionProperties) = preSolution
		HideSolutionNode = FALSE
	EndGlobalSection
	GlobalSection(ExtensibilityGlobals) = postSolution
		SolutionGuid = {3171959C-1A36-407B-AEDE-414DCD049078}
	EndGlobalSection
EndGlobal
