
Microsoft Visual Studio Solution File, Format Version 12.00
# Visual Studio 15
VisualStudioVersion = 15.0.27703.2026
MinimumVisualStudioVersion = 10.0.40219.1
Project("{FAE04EC0-301F-11D3-BF4B-00C04F79EFBC}") = "01. Database", "01. Database\01. Database.csproj", "{06C1968B-4BDD-41EE-9EC3-9140DB173201}"
EndProject
Project("{FAE04EC0-301F-11D3-BF4B-00C04F79EFBC}") = "02. Extended Database", "02. Extended Database\02. Extended Database.csproj", "{9F492A7B-D0D3-428A-9672-46965B469F43}"
EndProject
Project("{FAE04EC0-301F-11D3-BF4B-00C04F79EFBC}") = "03. Iterator Test", "03. Iterator Test\03. Iterator Test.csproj", "{1381FE2C-324A-4945-A524-248DDC8AC1BF}"
EndProject
Project("{FAE04EC0-301F-11D3-BF4B-00C04F79EFBC}") = "04. Bubble Sort Test", "04. Bubble Sort Test\04. Bubble Sort Test.csproj", "{17E3DC5F-1C13-4097-86B3-304CCE156BD0}"
EndProject
Project("{FAE04EC0-301F-11D3-BF4B-00C04F79EFBC}") = "05. Integration Tests", "05. Integration Tests\05. Integration Tests.csproj", "{2FE3A1B3-B941-4C5E-BAEC-8E26B4CB2CFE}"
EndProject
Project("{FAE04EC0-301F-11D3-BF4B-00C04F79EFBC}") = "06. Twitter", "06. Twitter\06. Twitter.csproj", "{68421644-8820-49B3-A94C-B4CCB80C157A}"
EndProject
Project("{FAE04EC0-301F-11D3-BF4B-00C04F79EFBC}") = "07. Hack", "07. Hack\07. Hack.csproj", "{8937324E-2D0B-4020-867B-1BBF8474DF63}"
EndProject
Global
	GlobalSection(SolutionConfigurationPlatforms) = preSolution
		Debug|Any CPU = Debug|Any CPU
		Release|Any CPU = Release|Any CPU
	EndGlobalSection
	GlobalSection(ProjectConfigurationPlatforms) = postSolution
		{06C1968B-4BDD-41EE-9EC3-9140DB173201}.Debug|Any CPU.ActiveCfg = Debug|Any CPU
		{06C1968B-4BDD-41EE-9EC3-9140DB173201}.Debug|Any CPU.Build.0 = Debug|Any CPU
		{06C1968B-4BDD-41EE-9EC3-9140DB173201}.Release|Any CPU.ActiveCfg = Release|Any CPU
		{06C1968B-4BDD-41EE-9EC3-9140DB173201}.Release|Any CPU.Build.0 = Release|Any CPU
		{9F492A7B-D0D3-428A-9672-46965B469F43}.Debug|Any CPU.ActiveCfg = Debug|Any CPU
		{9F492A7B-D0D3-428A-9672-46965B469F43}.Debug|Any CPU.Build.0 = Debug|Any CPU
		{9F492A7B-D0D3-428A-9672-46965B469F43}.Release|Any CPU.ActiveCfg = Release|Any CPU
		{9F492A7B-D0D3-428A-9672-46965B469F43}.Release|Any CPU.Build.0 = Release|Any CPU
		{1381FE2C-324A-4945-A524-248DDC8AC1BF}.Debug|Any CPU.ActiveCfg = Debug|Any CPU
		{1381FE2C-324A-4945-A524-248DDC8AC1BF}.Debug|Any CPU.Build.0 = Debug|Any CPU
		{1381FE2C-324A-4945-A524-248DDC8AC1BF}.Release|Any CPU.ActiveCfg = Release|Any CPU
		{1381FE2C-324A-4945-A524-248DDC8AC1BF}.Release|Any CPU.Build.0 = Release|Any CPU
		{17E3DC5F-1C13-4097-86B3-304CCE156BD0}.Debug|Any CPU.ActiveCfg = Debug|Any CPU
		{17E3DC5F-1C13-4097-86B3-304CCE156BD0}.Debug|Any CPU.Build.0 = Debug|Any CPU
		{17E3DC5F-1C13-4097-86B3-304CCE156BD0}.Release|Any CPU.ActiveCfg = Release|Any CPU
		{17E3DC5F-1C13-4097-86B3-304CCE156BD0}.Release|Any CPU.Build.0 = Release|Any CPU
		{2FE3A1B3-B941-4C5E-BAEC-8E26B4CB2CFE}.Debug|Any CPU.ActiveCfg = Debug|Any CPU
		{2FE3A1B3-B941-4C5E-BAEC-8E26B4CB2CFE}.Debug|Any CPU.Build.0 = Debug|Any CPU
		{2FE3A1B3-B941-4C5E-BAEC-8E26B4CB2CFE}.Release|Any CPU.ActiveCfg = Release|Any CPU
		{2FE3A1B3-B941-4C5E-BAEC-8E26B4CB2CFE}.Release|Any CPU.Build.0 = Release|Any CPU
		{68421644-8820-49B3-A94C-B4CCB80C157A}.Debug|Any CPU.ActiveCfg = Debug|Any CPU
		{68421644-8820-49B3-A94C-B4CCB80C157A}.Debug|Any CPU.Build.0 = Debug|Any CPU
		{68421644-8820-49B3-A94C-B4CCB80C157A}.Release|Any CPU.ActiveCfg = Release|Any CPU
		{68421644-8820-49B3-A94C-B4CCB80C157A}.Release|Any CPU.Build.0 = Release|Any CPU
		{8937324E-2D0B-4020-867B-1BBF8474DF63}.Debug|Any CPU.ActiveCfg = Debug|Any CPU
		{8937324E-2D0B-4020-867B-1BBF8474DF63}.Debug|Any CPU.Build.0 = Debug|Any CPU
		{8937324E-2D0B-4020-867B-1BBF8474DF63}.Release|Any CPU.ActiveCfg = Release|Any CPU
		{8937324E-2D0B-4020-867B-1BBF8474DF63}.Release|Any CPU.Build.0 = Release|Any CPU
	EndGlobalSection
	GlobalSection(SolutionProperties) = preSolution
		HideSolutionNode = FALSE
	EndGlobalSection
	GlobalSection(ExtensibilityGlobals) = postSolution
		SolutionGuid = {460D995B-C707-4043-8E5D-442CE44EAC11}
	EndGlobalSection
EndGlobal
