
Microsoft Visual Studio Solution File, Format Version 12.00
# Visual Studio 15
VisualStudioVersion = 15.0.27703.2026
MinimumVisualStudioVersion = 10.0.40219.1
Project("{FAE04EC0-301F-11D3-BF4B-00C04F79EFBC}") = "01. Stealer", "01. Stealer\01. Stealer.csproj", "{ADE2846A-EE2C-40F5-8159-CC5E9052C4C9}"
EndProject
Project("{FAE04EC0-301F-11D3-BF4B-00C04F79EFBC}") = "02. High Quality Mistakes", "02. High Quality Mistakes\02. High Quality Mistakes.csproj", "{3B5AECFF-D9FF-477B-948B-6B0C1AB69E16}"
EndProject
Global
	GlobalSection(SolutionConfigurationPlatforms) = preSolution
		Debug|Any CPU = Debug|Any CPU
		Release|Any CPU = Release|Any CPU
	EndGlobalSection
	GlobalSection(ProjectConfigurationPlatforms) = postSolution
		{ADE2846A-EE2C-40F5-8159-CC5E9052C4C9}.Debug|Any CPU.ActiveCfg = Debug|Any CPU
		{ADE2846A-EE2C-40F5-8159-CC5E9052C4C9}.Debug|Any CPU.Build.0 = Debug|Any CPU
		{ADE2846A-EE2C-40F5-8159-CC5E9052C4C9}.Release|Any CPU.ActiveCfg = Release|Any CPU
		{ADE2846A-EE2C-40F5-8159-CC5E9052C4C9}.Release|Any CPU.Build.0 = Release|Any CPU
		{3B5AECFF-D9FF-477B-948B-6B0C1AB69E16}.Debug|Any CPU.ActiveCfg = Debug|Any CPU
		{3B5AECFF-D9FF-477B-948B-6B0C1AB69E16}.Debug|Any CPU.Build.0 = Debug|Any CPU
		{3B5AECFF-D9FF-477B-948B-6B0C1AB69E16}.Release|Any CPU.ActiveCfg = Release|Any CPU
		{3B5AECFF-D9FF-477B-948B-6B0C1AB69E16}.Release|Any CPU.Build.0 = Release|Any CPU
	EndGlobalSection
	GlobalSection(SolutionProperties) = preSolution
		HideSolutionNode = FALSE
	EndGlobalSection
	GlobalSection(ExtensibilityGlobals) = postSolution
		SolutionGuid = {7C1DABDD-7B4E-4C28-8160-7925E29E7798}
	EndGlobalSection
EndGlobal
