
Microsoft Visual Studio Solution File, Format Version 12.00
# Visual Studio 15
VisualStudioVersion = 15.0.27703.2026
MinimumVisualStudioVersion = 10.0.40219.1
Project("{FAE04EC0-301F-11D3-BF4B-00C04F79EFBC}") = "01. Event Implementation", "01. Event Implementation\01. Event Implementation.csproj", "{09CC4B94-167F-4866-BC66-40B688A209CA}"
EndProject
Project("{FAE04EC0-301F-11D3-BF4B-00C04F79EFBC}") = "02. Kings Gambit", "02. Kings Gambit\02. Kings Gambit.csproj", "{6C6A171E-7A43-4CC4-8213-B0E891B91484}"
EndProject
Project("{FAE04EC0-301F-11D3-BF4B-00C04F79EFBC}") = "03. Dependency Inversion", "03. Dependency Inversion\03. Dependency Inversion.csproj", "{656AF4B1-6958-4B6D-8BDA-DC2C81240ED8}"
EndProject
Global
	GlobalSection(SolutionConfigurationPlatforms) = preSolution
		Debug|Any CPU = Debug|Any CPU
		Release|Any CPU = Release|Any CPU
	EndGlobalSection
	GlobalSection(ProjectConfigurationPlatforms) = postSolution
		{09CC4B94-167F-4866-BC66-40B688A209CA}.Debug|Any CPU.ActiveCfg = Debug|Any CPU
		{09CC4B94-167F-4866-BC66-40B688A209CA}.Debug|Any CPU.Build.0 = Debug|Any CPU
		{09CC4B94-167F-4866-BC66-40B688A209CA}.Release|Any CPU.ActiveCfg = Release|Any CPU
		{09CC4B94-167F-4866-BC66-40B688A209CA}.Release|Any CPU.Build.0 = Release|Any CPU
		{6C6A171E-7A43-4CC4-8213-B0E891B91484}.Debug|Any CPU.ActiveCfg = Debug|Any CPU
		{6C6A171E-7A43-4CC4-8213-B0E891B91484}.Debug|Any CPU.Build.0 = Debug|Any CPU
		{6C6A171E-7A43-4CC4-8213-B0E891B91484}.Release|Any CPU.ActiveCfg = Release|Any CPU
		{6C6A171E-7A43-4CC4-8213-B0E891B91484}.Release|Any CPU.Build.0 = Release|Any CPU
		{656AF4B1-6958-4B6D-8BDA-DC2C81240ED8}.Debug|Any CPU.ActiveCfg = Debug|Any CPU
		{656AF4B1-6958-4B6D-8BDA-DC2C81240ED8}.Debug|Any CPU.Build.0 = Debug|Any CPU
		{656AF4B1-6958-4B6D-8BDA-DC2C81240ED8}.Release|Any CPU.ActiveCfg = Release|Any CPU
		{656AF4B1-6958-4B6D-8BDA-DC2C81240ED8}.Release|Any CPU.Build.0 = Release|Any CPU
	EndGlobalSection
	GlobalSection(SolutionProperties) = preSolution
		HideSolutionNode = FALSE
	EndGlobalSection
	GlobalSection(ExtensibilityGlobals) = postSolution
		SolutionGuid = {957C1132-F64C-4B65-92DF-065142F4269E}
	EndGlobalSection
EndGlobal
