
Microsoft Visual Studio Solution File, Format Version 12.00
# Visual Studio 15
VisualStudioVersion = 15.0.27703.2026
MinimumVisualStudioVersion = 10.0.40219.1
Project("{FAE04EC0-301F-11D3-BF4B-00C04F79EFBC}") = "01. Generic Box of String", "01. Generic Box of String\01. Generic Box of String.csproj", "{10F0E165-A264-42C6-B0B4-41CE912BB522}"
EndProject
Project("{FAE04EC0-301F-11D3-BF4B-00C04F79EFBC}") = "02. Generic Box of Integer", "02. Generic Box of Integer\02. Generic Box of Integer.csproj", "{CD02BF11-8506-4448-B253-F5370300C465}"
EndProject
Project("{FAE04EC0-301F-11D3-BF4B-00C04F79EFBC}") = "03. Generic Swap Method String", "03. Generic Swap Method String\03. Generic Swap Method String.csproj", "{D42D9FA7-C167-4B64-9FB3-162501D99639}"
EndProject
Project("{FAE04EC0-301F-11D3-BF4B-00C04F79EFBC}") = "04. Generic Swap Method Integer", "04. Generic Swap Method Integer\04. Generic Swap Method Integer.csproj", "{DB245900-7372-4632-99AF-4CD1D1946A99}"
EndProject
Project("{FAE04EC0-301F-11D3-BF4B-00C04F79EFBC}") = "05. Generic Count Method String", "05. Generic Count Method String\05. Generic Count Method String.csproj", "{D6B53AB5-1852-4B75-A08C-666A191238D3}"
EndProject
Project("{FAE04EC0-301F-11D3-BF4B-00C04F79EFBC}") = "06. Generic Count Method Double", "06. Generic Count Method Double\06. Generic Count Method Double.csproj", "{2375EA54-E62C-4ECE-AA7F-2C44E275A1F1}"
EndProject
Project("{FAE04EC0-301F-11D3-BF4B-00C04F79EFBC}") = "07. Custom List", "07. Custom List\07. Custom List.csproj", "{E351D750-BD4F-401C-A147-E8E06A9EEE70}"
EndProject
Project("{FAE04EC0-301F-11D3-BF4B-00C04F79EFBC}") = "08. Custom List Sorter", "08. Custom List Sorter\08. Custom List Sorter.csproj", "{7019CE64-26DC-4380-BFD5-FA2E153F9AC2}"
EndProject
Project("{FAE04EC0-301F-11D3-BF4B-00C04F79EFBC}") = "09. Custom List Iterator", "09. Custom List Iterator\09. Custom List Iterator.csproj", "{A8B6FAC3-1093-4CCF-97E1-B8D51BCF6C13}"
EndProject
Project("{FAE04EC0-301F-11D3-BF4B-00C04F79EFBC}") = "10. Tuple", "10. Tuple\10. Tuple.csproj", "{B069CFEF-86C6-4B4C-89BC-E25A05B73DDB}"
EndProject
Global
	GlobalSection(SolutionConfigurationPlatforms) = preSolution
		Debug|Any CPU = Debug|Any CPU
		Release|Any CPU = Release|Any CPU
	EndGlobalSection
	GlobalSection(ProjectConfigurationPlatforms) = postSolution
		{10F0E165-A264-42C6-B0B4-41CE912BB522}.Debug|Any CPU.ActiveCfg = Debug|Any CPU
		{10F0E165-A264-42C6-B0B4-41CE912BB522}.Debug|Any CPU.Build.0 = Debug|Any CPU
		{10F0E165-A264-42C6-B0B4-41CE912BB522}.Release|Any CPU.ActiveCfg = Release|Any CPU
		{10F0E165-A264-42C6-B0B4-41CE912BB522}.Release|Any CPU.Build.0 = Release|Any CPU
		{CD02BF11-8506-4448-B253-F5370300C465}.Debug|Any CPU.ActiveCfg = Debug|Any CPU
		{CD02BF11-8506-4448-B253-F5370300C465}.Debug|Any CPU.Build.0 = Debug|Any CPU
		{CD02BF11-8506-4448-B253-F5370300C465}.Release|Any CPU.ActiveCfg = Release|Any CPU
		{CD02BF11-8506-4448-B253-F5370300C465}.Release|Any CPU.Build.0 = Release|Any CPU
		{D42D9FA7-C167-4B64-9FB3-162501D99639}.Debug|Any CPU.ActiveCfg = Debug|Any CPU
		{D42D9FA7-C167-4B64-9FB3-162501D99639}.Debug|Any CPU.Build.0 = Debug|Any CPU
		{D42D9FA7-C167-4B64-9FB3-162501D99639}.Release|Any CPU.ActiveCfg = Release|Any CPU
		{D42D9FA7-C167-4B64-9FB3-162501D99639}.Release|Any CPU.Build.0 = Release|Any CPU
		{DB245900-7372-4632-99AF-4CD1D1946A99}.Debug|Any CPU.ActiveCfg = Debug|Any CPU
		{DB245900-7372-4632-99AF-4CD1D1946A99}.Debug|Any CPU.Build.0 = Debug|Any CPU
		{DB245900-7372-4632-99AF-4CD1D1946A99}.Release|Any CPU.ActiveCfg = Release|Any CPU
		{DB245900-7372-4632-99AF-4CD1D1946A99}.Release|Any CPU.Build.0 = Release|Any CPU
		{D6B53AB5-1852-4B75-A08C-666A191238D3}.Debug|Any CPU.ActiveCfg = Debug|Any CPU
		{D6B53AB5-1852-4B75-A08C-666A191238D3}.Debug|Any CPU.Build.0 = Debug|Any CPU
		{D6B53AB5-1852-4B75-A08C-666A191238D3}.Release|Any CPU.ActiveCfg = Release|Any CPU
		{D6B53AB5-1852-4B75-A08C-666A191238D3}.Release|Any CPU.Build.0 = Release|Any CPU
		{2375EA54-E62C-4ECE-AA7F-2C44E275A1F1}.Debug|Any CPU.ActiveCfg = Debug|Any CPU
		{2375EA54-E62C-4ECE-AA7F-2C44E275A1F1}.Debug|Any CPU.Build.0 = Debug|Any CPU
		{2375EA54-E62C-4ECE-AA7F-2C44E275A1F1}.Release|Any CPU.ActiveCfg = Release|Any CPU
		{2375EA54-E62C-4ECE-AA7F-2C44E275A1F1}.Release|Any CPU.Build.0 = Release|Any CPU
		{E351D750-BD4F-401C-A147-E8E06A9EEE70}.Debug|Any CPU.ActiveCfg = Debug|Any CPU
		{E351D750-BD4F-401C-A147-E8E06A9EEE70}.Debug|Any CPU.Build.0 = Debug|Any CPU
		{E351D750-BD4F-401C-A147-E8E06A9EEE70}.Release|Any CPU.ActiveCfg = Release|Any CPU
		{E351D750-BD4F-401C-A147-E8E06A9EEE70}.Release|Any CPU.Build.0 = Release|Any CPU
		{7019CE64-26DC-4380-BFD5-FA2E153F9AC2}.Debug|Any CPU.ActiveCfg = Debug|Any CPU
		{7019CE64-26DC-4380-BFD5-FA2E153F9AC2}.Debug|Any CPU.Build.0 = Debug|Any CPU
		{7019CE64-26DC-4380-BFD5-FA2E153F9AC2}.Release|Any CPU.ActiveCfg = Release|Any CPU
		{7019CE64-26DC-4380-BFD5-FA2E153F9AC2}.Release|Any CPU.Build.0 = Release|Any CPU
		{A8B6FAC3-1093-4CCF-97E1-B8D51BCF6C13}.Debug|Any CPU.ActiveCfg = Debug|Any CPU
		{A8B6FAC3-1093-4CCF-97E1-B8D51BCF6C13}.Debug|Any CPU.Build.0 = Debug|Any CPU
		{A8B6FAC3-1093-4CCF-97E1-B8D51BCF6C13}.Release|Any CPU.ActiveCfg = Release|Any CPU
		{A8B6FAC3-1093-4CCF-97E1-B8D51BCF6C13}.Release|Any CPU.Build.0 = Release|Any CPU
		{B069CFEF-86C6-4B4C-89BC-E25A05B73DDB}.Debug|Any CPU.ActiveCfg = Debug|Any CPU
		{B069CFEF-86C6-4B4C-89BC-E25A05B73DDB}.Debug|Any CPU.Build.0 = Debug|Any CPU
		{B069CFEF-86C6-4B4C-89BC-E25A05B73DDB}.Release|Any CPU.ActiveCfg = Release|Any CPU
		{B069CFEF-86C6-4B4C-89BC-E25A05B73DDB}.Release|Any CPU.Build.0 = Release|Any CPU
	EndGlobalSection
	GlobalSection(SolutionProperties) = preSolution
		HideSolutionNode = FALSE
	EndGlobalSection
	GlobalSection(ExtensibilityGlobals) = postSolution
		SolutionGuid = {15FFE00A-C21B-41B0-9790-B6710F67888A}
	EndGlobalSection
EndGlobal
